
Microsoft Visual Studio Solution File, Format Version 12.00
# Visual Studio Version 17
VisualStudioVersion = 17.5.33424.131
MinimumVisualStudioVersion = 10.0.40219.1
Project("{9A19103F-16F7-4668-BE54-9A1E7A4F7556}") = "gitguardian-integration", "gitguardian-integration\gitguardian-integration.csproj", "{61942981-1364-4375-A43C-E4365D848CE8}"
EndProject
Project("{FAE04EC0-301F-11D3-BF4B-00C04F79EFBC}") = "testing", "testing\testing.csproj", "{746ABCC0-1214-41B1-9E2B-D9A7DCBBE490}"
EndProject
Global
	GlobalSection(SolutionConfigurationPlatforms) = preSolution
		Debug|Any CPU = Debug|Any CPU
		Release|Any CPU = Release|Any CPU
	EndGlobalSection
	GlobalSection(ProjectConfigurationPlatforms) = postSolution
		{61942981-1364-4375-A43C-E4365D848CE8}.Debug|Any CPU.ActiveCfg = Debug|Any CPU
		{61942981-1364-4375-A43C-E4365D848CE8}.Debug|Any CPU.Build.0 = Debug|Any CPU
		{61942981-1364-4375-A43C-E4365D848CE8}.Release|Any CPU.ActiveCfg = Release|Any CPU
		{61942981-1364-4375-A43C-E4365D848CE8}.Release|Any CPU.Build.0 = Release|Any CPU
		{746ABCC0-1214-41B1-9E2B-D9A7DCBBE490}.Debug|Any CPU.ActiveCfg = Debug|Any CPU
		{746ABCC0-1214-41B1-9E2B-D9A7DCBBE490}.Debug|Any CPU.Build.0 = Debug|Any CPU
		{746ABCC0-1214-41B1-9E2B-D9A7DCBBE490}.Release|Any CPU.ActiveCfg = Release|Any CPU
		{746ABCC0-1214-41B1-9E2B-D9A7DCBBE490}.Release|Any CPU.Build.0 = Release|Any CPU
	EndGlobalSection
	GlobalSection(SolutionProperties) = preSolution
		HideSolutionNode = FALSE
	EndGlobalSection
	GlobalSection(ExtensibilityGlobals) = postSolution
		SolutionGuid = {11940D59-2FDE-4F30-BA98-1508E82B8B85}
	EndGlobalSection
EndGlobal
